
Microsoft Visual Studio Solution File, Format Version 12.00
# Visual Studio Version 16
VisualStudioVersion = 16.0.28803.156
MinimumVisualStudioVersion = 10.0.40219.1
Project("{FAE04EC0-301F-11D3-BF4B-00C04F79EFBC}") = "ADAM4150", "ADAM4150\ADAM4150.csproj", "{843BED00-E62D-4C06-A882-7AE58A2DA636}"
EndProject
Global
	GlobalSection(SolutionConfigurationPlatforms) = preSolution
		Debug|Any CPU = Debug|Any CPU
		Release|Any CPU = Release|Any CPU
	EndGlobalSection
	GlobalSection(ProjectConfigurationPlatforms) = postSolution
		{843BED00-E62D-4C06-A882-7AE58A2DA636}.Debug|Any CPU.ActiveCfg = Debug|Any CPU
		{843BED00-E62D-4C06-A882-7AE58A2DA636}.Debug|Any CPU.Build.0 = Debug|Any CPU
		{843BED00-E62D-4C06-A882-7AE58A2DA636}.Release|Any CPU.ActiveCfg = Release|Any CPU
		{843BED00-E62D-4C06-A882-7AE58A2DA636}.Release|Any CPU.Build.0 = Release|Any CPU
	EndGlobalSection
	GlobalSection(SolutionProperties) = preSolution
		HideSolutionNode = FALSE
	EndGlobalSection
	GlobalSection(ExtensibilityGlobals) = postSolution
		SolutionGuid = {30D3BEE1-F852-4D35-9E38-88685CB51C32}
	EndGlobalSection
EndGlobal
